
Microsoft Visual Studio Solution File, Format Version 12.00
# Visual Studio 2013
VisualStudioVersion = 12.0.31101.0
MinimumVisualStudioVersion = 10.0.40219.1
Project("{FAE04EC0-301F-11D3-BF4B-00C04F79EFBC}") = "RoutePlannerConsole", "RoutePlannerConsole\RoutePlannerConsole.csproj", "{9EBB0D92-E143-4E59-8363-8BB910DF0C00}"
EndProject
Project("{FAE04EC0-301F-11D3-BF4B-00C04F79EFBC}") = "RoutePlannerLib", "RoutePlannerLib\RoutePlannerLib.csproj", "{B750C8F8-A578-4319-BE82-1E220597865F}"
EndProject
Project("{FAE04EC0-301F-11D3-BF4B-00C04F79EFBC}") = "RoutePlannerTest", "RoutePlannerTest\RoutePlannerTest.csproj", "{449B4659-17E1-4093-97D6-AF265FE83AD5}"
EndProject
Project("{2150E333-8FDC-42A3-9474-1A3956D46DE8}") = "Solution Items", "Solution Items", "{C56CFB7C-5F71-4317-B440-BFBFA9186222}"
	ProjectSection(SolutionItems) = preProject
		RoutePlanner.testsettings = RoutePlanner.testsettings
	EndProjectSection
EndProject
Global
	GlobalSection(SolutionConfigurationPlatforms) = preSolution
		Debug|Any CPU = Debug|Any CPU
		Release|Any CPU = Release|Any CPU
	EndGlobalSection
	GlobalSection(ProjectConfigurationPlatforms) = postSolution
		{9EBB0D92-E143-4E59-8363-8BB910DF0C00}.Debug|Any CPU.ActiveCfg = Debug|Any CPU
		{9EBB0D92-E143-4E59-8363-8BB910DF0C00}.Debug|Any CPU.Build.0 = Debug|Any CPU
		{9EBB0D92-E143-4E59-8363-8BB910DF0C00}.Release|Any CPU.ActiveCfg = Release|Any CPU
		{9EBB0D92-E143-4E59-8363-8BB910DF0C00}.Release|Any CPU.Build.0 = Release|Any CPU
		{B750C8F8-A578-4319-BE82-1E220597865F}.Debug|Any CPU.ActiveCfg = Debug|Any CPU
		{B750C8F8-A578-4319-BE82-1E220597865F}.Debug|Any CPU.Build.0 = Debug|Any CPU
		{B750C8F8-A578-4319-BE82-1E220597865F}.Release|Any CPU.ActiveCfg = Release|Any CPU
		{B750C8F8-A578-4319-BE82-1E220597865F}.Release|Any CPU.Build.0 = Release|Any CPU
		{449B4659-17E1-4093-97D6-AF265FE83AD5}.Debug|Any CPU.ActiveCfg = Debug|Any CPU
		{449B4659-17E1-4093-97D6-AF265FE83AD5}.Debug|Any CPU.Build.0 = Debug|Any CPU
		{449B4659-17E1-4093-97D6-AF265FE83AD5}.Release|Any CPU.ActiveCfg = Release|Any CPU
		{449B4659-17E1-4093-97D6-AF265FE83AD5}.Release|Any CPU.Build.0 = Release|Any CPU
	EndGlobalSection
	GlobalSection(SolutionProperties) = preSolution
		HideSolutionNode = FALSE
	EndGlobalSection
EndGlobal
